// !$*UTF8*$!
{
	archiveVersion = 1;
	classes = {
	};
	objectVersion = 46;
	objects = {

/* Begin PBXBuildFile section */
		F49986811CC0A02800D3CE4C /* main.m in Sources */ = {isa = PBXBuildFile; fileRef = F49986801CC0A02800D3CE4C /* main.m */; };
		F49986841CC0A02800D3CE4C /* AppDelegate.m in Sources */ = {isa = PBXBuildFile; fileRef = F49986831CC0A02800D3CE4C /* AppDelegate.m */; };
		F49986871CC0A02800D3CE4C /* ViewController.m in Sources */ = {isa = PBXBuildFile; fileRef = F49986861CC0A02800D3CE4C /* ViewController.m */; };
		F499868A1CC0A02800D3CE4C /* Main.storyboard in Resources */ = {isa = PBXBuildFile; fileRef = F49986881CC0A02800D3CE4C /* Main.storyboard */; };
		F499868C1CC0A02800D3CE4C /* Assets.xcassets in Resources */ = {isa = PBXBuildFile; fileRef = F499868B1CC0A02800D3CE4C /* Assets.xcassets */; };
		F499868F1CC0A02800D3CE4C /* LaunchScreen.storyboard in Resources */ = {isa = PBXBuildFile; fileRef = F499868D1CC0A02800D3CE4C /* LaunchScreen.storyboard */; };
		F499869A1CC0A02800D3CE4C /* CBAppGroupOtherSimpleTests.m in Sources */ = {isa = PBXBuildFile; fileRef = F49986991CC0A02800D3CE4C /* CBAppGroupOtherSimpleTests.m */; };
		F49986A51CC0A02800D3CE4C /* CBAppGroupOtherSimpleUITests.m in Sources */ = {isa = PBXBuildFile; fileRef = F49986A41CC0A02800D3CE4C /* CBAppGroupOtherSimpleUITests.m */; };
/* End PBXBuildFile section */

/* Begin PBXContainerItemProxy section */
		F49986961CC0A02800D3CE4C /* PBXContainerItemProxy */ = {
			isa = PBXContainerItemProxy;
			containerPortal = F49986741CC0A02800D3CE4C /* Project object */;
			proxyType = 1;
			remoteGlobalIDString = F499867B1CC0A02800D3CE4C;
			remoteInfo = CBAppGroupOtherSimple;
		};
		F49986A11CC0A02800D3CE4C /* PBXContainerItemProxy */ = {
			isa = PBXContainerItemProxy;
			containerPortal = F49986741CC0A02800D3CE4C /* Project object */;
			proxyType = 1;
			remoteGlobalIDString = F499867B1CC0A02800D3CE4C;
			remoteInfo = CBAppGroupOtherSimple;
		};
/* End PBXContainerItemProxy section */

/* Begin PBXFileReference section */
		F499867C1CC0A02800D3CE4C /* CBAppGroupOtherSimple.app */ = {isa = PBXFileReference; explicitFileType = wrapper.application; includeInIndex = 0; path = CBAppGroupOtherSimple.app; sourceTree = BUILT_PRODUCTS_DIR; };
		F49986801CC0A02800D3CE4C /* main.m */ = {isa = PBXFileReference; lastKnownFileType = sourcecode.c.objc; path = main.m; sourceTree = "<group>"; };
		F49986821CC0A02800D3CE4C /* AppDelegate.h */ = {isa = PBXFileReference; lastKnownFileType = sourcecode.c.h; path = AppDelegate.h; sourceTree = "<group>"; };
		F49986831CC0A02800D3CE4C /* AppDelegate.m */ = {isa = PBXFileReference; lastKnownFileType = sourcecode.c.objc; path = AppDelegate.m; sourceTree = "<group>"; };
		F49986851CC0A02800D3CE4C /* ViewController.h */ = {isa = PBXFileReference; lastKnownFileType = sourcecode.c.h; path = ViewController.h; sourceTree = "<group>"; };
		F49986861CC0A02800D3CE4C /* ViewController.m */ = {isa = PBXFileReference; lastKnownFileType = sourcecode.c.objc; path = ViewController.m; sourceTree = "<group>"; };
		F49986891CC0A02800D3CE4C /* Base */ = {isa = PBXFileReference; lastKnownFileType = file.storyboard; name = Base; path = Base.lproj/Main.storyboard; sourceTree = "<group>"; };
		F499868B1CC0A02800D3CE4C /* Assets.xcassets */ = {isa = PBXFileReference; lastKnownFileType = folder.assetcatalog; path = Assets.xcassets; sourceTree = "<group>"; };
		F499868E1CC0A02800D3CE4C /* Base */ = {isa = PBXFileReference; lastKnownFileType = file.storyboard; name = Base; path = Base.lproj/LaunchScreen.storyboard; sourceTree = "<group>"; };
		F49986901CC0A02800D3CE4C /* Info.plist */ = {isa = PBXFileReference; lastKnownFileType = text.plist.xml; path = Info.plist; sourceTree = "<group>"; };
		F49986951CC0A02800D3CE4C /* CBAppGroupOtherSimpleTests.xctest */ = {isa = PBXFileReference; explicitFileType = wrapper.cfbundle; includeInIndex = 0; path = CBAppGroupOtherSimpleTests.xctest; sourceTree = BUILT_PRODUCTS_DIR; };
		F49986991CC0A02800D3CE4C /* CBAppGroupOtherSimpleTests.m */ = {isa = PBXFileReference; lastKnownFileType = sourcecode.c.objc; path = CBAppGroupOtherSimpleTests.m; sourceTree = "<group>"; };
		F499869B1CC0A02800D3CE4C /* Info.plist */ = {isa = PBXFileReference; lastKnownFileType = text.plist.xml; path = Info.plist; sourceTree = "<group>"; };
		F49986A01CC0A02800D3CE4C /* CBAppGroupOtherSimpleUITests.xctest */ = {isa = PBXFileReference; explicitFileType = wrapper.cfbundle; includeInIndex = 0; path = CBAppGroupOtherSimpleUITests.xctest; sourceTree = BUILT_PRODUCTS_DIR; };
		F49986A41CC0A02800D3CE4C /* CBAppGroupOtherSimpleUITests.m */ = {isa = PBXFileReference; lastKnownFileType = sourcecode.c.objc; path = CBAppGroupOtherSimpleUITests.m; sourceTree = "<group>"; };
		F49986A61CC0A02800D3CE4C /* Info.plist */ = {isa = PBXFileReference; lastKnownFileType = text.plist.xml; path = Info.plist; sourceTree = "<group>"; };
		F49986B21CC0A03300D3CE4C /* CBAppGroupOtherSimple.entitlements */ = {isa = PBXFileReference; lastKnownFileType = text.xml; path = CBAppGroupOtherSimple.entitlements; sourceTree = "<group>"; };
/* End PBXFileReference section */

/* Begin PBXFrameworksBuildPhase section */
		F49986791CC0A02800D3CE4C /* Frameworks */ = {
			isa = PBXFrameworksBuildPhase;
			buildActionMask = 2147483647;
			files = (
			);
			runOnlyForDeploymentPostprocessing = 0;
		};
		F49986921CC0A02800D3CE4C /* Frameworks */ = {
			isa = PBXFrameworksBuildPhase;
			buildActionMask = 2147483647;
			files = (
			);
			runOnlyForDeploymentPostprocessing = 0;
		};
		F499869D1CC0A02800D3CE4C /* Frameworks */ = {
			isa = PBXFrameworksBuildPhase;
			buildActionMask = 2147483647;
			files = (
			);
			runOnlyForDeploymentPostprocessing = 0;
		};
/* End PBXFrameworksBuildPhase section */

/* Begin PBXGroup section */
		F49986731CC0A02800D3CE4C = {
			isa = PBXGroup;
			children = (
				F499867E1CC0A02800D3CE4C /* CBAppGroupOtherSimple */,
				F49986981CC0A02800D3CE4C /* CBAppGroupOtherSimpleTests */,
				F49986A31CC0A02800D3CE4C /* CBAppGroupOtherSimpleUITests */,
				F499867D1CC0A02800D3CE4C /* Products */,
			);
			sourceTree = "<group>";
		};
		F499867D1CC0A02800D3CE4C /* Products */ = {
			isa = PBXGroup;
			children = (
				F499867C1CC0A02800D3CE4C /* CBAppGroupOtherSimple.app */,
				F49986951CC0A02800D3CE4C /* CBAppGroupOtherSimpleTests.xctest */,
				F49986A01CC0A02800D3CE4C /* CBAppGroupOtherSimpleUITests.xctest */,
			);
			name = Products;
			sourceTree = "<group>";
		};
		F499867E1CC0A02800D3CE4C /* CBAppGroupOtherSimple */ = {
			isa = PBXGroup;
			children = (
				F49986B21CC0A03300D3CE4C /* CBAppGroupOtherSimple.entitlements */,
				F49986821CC0A02800D3CE4C /* AppDelegate.h */,
				F49986831CC0A02800D3CE4C /* AppDelegate.m */,
				F49986851CC0A02800D3CE4C /* ViewController.h */,
				F49986861CC0A02800D3CE4C /* ViewController.m */,
				F49986881CC0A02800D3CE4C /* Main.storyboard */,
				F499868B1CC0A02800D3CE4C /* Assets.xcassets */,
				F499868D1CC0A02800D3CE4C /* LaunchScreen.storyboard */,
				F49986901CC0A02800D3CE4C /* Info.plist */,
				F499867F1CC0A02800D3CE4C /* Supporting Files */,
			);
			path = CBAppGroupOtherSimple;
			sourceTree = "<group>";
		};
		F499867F1CC0A02800D3CE4C /* Supporting Files */ = {
			isa = PBXGroup;
			children = (
				F49986801CC0A02800D3CE4C /* main.m */,
			);
			name = "Supporting Files";
			sourceTree = "<group>";
		};
		F49986981CC0A02800D3CE4C /* CBAppGroupOtherSimpleTests */ = {
			isa = PBXGroup;
			children = (
				F49986991CC0A02800D3CE4C /* CBAppGroupOtherSimpleTests.m */,
				F499869B1CC0A02800D3CE4C /* Info.plist */,
			);
			path = CBAppGroupOtherSimpleTests;
			sourceTree = "<group>";
		};
		F49986A31CC0A02800D3CE4C /* CBAppGroupOtherSimpleUITests */ = {
			isa = PBXGroup;
			children = (
				F49986A41CC0A02800D3CE4C /* CBAppGroupOtherSimpleUITests.m */,
				F49986A61CC0A02800D3CE4C /* Info.plist */,
			);
			path = CBAppGroupOtherSimpleUITests;
			sourceTree = "<group>";
		};
/* End PBXGroup section */

/* Begin PBXNativeTarget section */
		F499867B1CC0A02800D3CE4C /* CBAppGroupOtherSimple */ = {
			isa = PBXNativeTarget;
			buildConfigurationList = F49986A91CC0A02800D3CE4C /* Build configuration list for PBXNativeTarget "CBAppGroupOtherSimple" */;
			buildPhases = (
				F49986781CC0A02800D3CE4C /* Sources */,
				F49986791CC0A02800D3CE4C /* Frameworks */,
				F499867A1CC0A02800D3CE4C /* Resources */,
			);
			buildRules = (
			);
			dependencies = (
			);
			name = CBAppGroupOtherSimple;
			productName = CBAppGroupOtherSimple;
			productReference = F499867C1CC0A02800D3CE4C /* CBAppGroupOtherSimple.app */;
			productType = "com.apple.product-type.application";
		};
		F49986941CC0A02800D3CE4C /* CBAppGroupOtherSimpleTests */ = {
			isa = PBXNativeTarget;
			buildConfigurationList = F49986AC1CC0A02800D3CE4C /* Build configuration list for PBXNativeTarget "CBAppGroupOtherSimpleTests" */;
			buildPhases = (
				F49986911CC0A02800D3CE4C /* Sources */,
				F49986921CC0A02800D3CE4C /* Frameworks */,
				F49986931CC0A02800D3CE4C /* Resources */,
			);
			buildRules = (
			);
			dependencies = (
				F49986971CC0A02800D3CE4C /* PBXTargetDependency */,
			);
			name = CBAppGroupOtherSimpleTests;
			productName = CBAppGroupOtherSimpleTests;
			productReference = F49986951CC0A02800D3CE4C /* CBAppGroupOtherSimpleTests.xctest */;
			productType = "com.apple.product-type.bundle.unit-test";
		};
		F499869F1CC0A02800D3CE4C /* CBAppGroupOtherSimpleUITests */ = {
			isa = PBXNativeTarget;
			buildConfigurationList = F49986AF1CC0A02800D3CE4C /* Build configuration list for PBXNativeTarget "CBAppGroupOtherSimpleUITests" */;
			buildPhases = (
				F499869C1CC0A02800D3CE4C /* Sources */,
				F499869D1CC0A02800D3CE4C /* Frameworks */,
				F499869E1CC0A02800D3CE4C /* Resources */,
			);
			buildRules = (
			);
			dependencies = (
				F49986A21CC0A02800D3CE4C /* PBXTargetDependency */,
			);
			name = CBAppGroupOtherSimpleUITests;
			productName = CBAppGroupOtherSimpleUITests;
			productReference = F49986A01CC0A02800D3CE4C /* CBAppGroupOtherSimpleUITests.xctest */;
			productType = "com.apple.product-type.bundle.ui-testing";
		};
/* End PBXNativeTarget section */

/* Begin PBXProject section */
		F49986741CC0A02800D3CE4C /* Project object */ = {
			isa = PBXProject;
			attributes = {
				LastUpgradeCheck = 0730;
				ORGANIZATIONNAME = Colabean;
				TargetAttributes = {
					F499867B1CC0A02800D3CE4C = {
						CreatedOnToolsVersion = 7.3;
						DevelopmentTeam = DEVN8NV33Q;
						SystemCapabilities = {
							com.apple.ApplicationGroups.iOS = {
								enabled = 1;
							};
						};
					};
					F49986941CC0A02800D3CE4C = {
						CreatedOnToolsVersion = 7.3;
						TestTargetID = F499867B1CC0A02800D3CE4C;
					};
					F499869F1CC0A02800D3CE4C = {
						CreatedOnToolsVersion = 7.3;
						TestTargetID = F499867B1CC0A02800D3CE4C;
					};
				};
			};
			buildConfigurationList = F49986771CC0A02800D3CE4C /* Build configuration list for PBXProject "CBAppGroupOtherSimple" */;
			compatibilityVersion = "Xcode 3.2";
			developmentRegion = English;
			hasScannedForEncodings = 0;
			knownRegions = (
				en,
				Base,
			);
			mainGroup = F49986731CC0A02800D3CE4C;
			productRefGroup = F499867D1CC0A02800D3CE4C /* Products */;
			projectDirPath = "";
			projectRoot = "";
			targets = (
				F499867B1CC0A02800D3CE4C /* CBAppGroupOtherSimple */,
				F49986941CC0A02800D3CE4C /* CBAppGroupOtherSimpleTests */,
				F499869F1CC0A02800D3CE4C /* CBAppGroupOtherSimpleUITests */,
			);
		};
/* End PBXProject section */

/* Begin PBXResourcesBuildPhase section */
		F499867A1CC0A02800D3CE4C /* Resources */ = {
			isa = PBXResourcesBuildPhase;
			buildActionMask = 2147483647;
			files = (
				F499868F1CC0A02800D3CE4C /* LaunchScreen.storyboard in Resources */,
				F499868C1CC0A02800D3CE4C /* Assets.xcassets in Resources */,
				F499868A1CC0A02800D3CE4C /* Main.storyboard in Resources */,
			);
			runOnlyForDeploymentPostprocessing = 0;
		};
		F49986931CC0A02800D3CE4C /* Resources */ = {
			isa = PBXResourcesBuildPhase;
			buildActionMask = 2147483647;
			files = (
			);
			runOnlyForDeploymentPostprocessing = 0;
		};
		F499869E1CC0A02800D3CE4C /* Resources */ = {
			isa = PBXResourcesBuildPhase;
			buildActionMask = 2147483647;
			files = (
			);
			runOnlyForDeploymentPostprocessing = 0;
		};
/* End PBXResourcesBuildPhase section */

/* Begin PBXSourcesBuildPhase section */
		F49986781CC0A02800D3CE4C /* Sources */ = {
			isa = PBXSourcesBuildPhase;
			buildActionMask = 2147483647;
			files = (
				F49986871CC0A02800D3CE4C /* ViewController.m in Sources */,
				F49986841CC0A02800D3CE4C /* AppDelegate.m in Sources */,
				F49986811CC0A02800D3CE4C /* main.m in Sources */,
			);
			runOnlyForDeploymentPostprocessing = 0;
		};
		F49986911CC0A02800D3CE4C /* Sources */ = {
			isa = PBXSourcesBuildPhase;
			buildActionMask = 2147483647;
			files = (
				F499869A1CC0A02800D3CE4C /* CBAppGroupOtherSimpleTests.m in Sources */,
			);
			runOnlyForDeploymentPostprocessing = 0;
		};
		F499869C1CC0A02800D3CE4C /* Sources */ = {
			isa = PBXSourcesBuildPhase;
			buildActionMask = 2147483647;
			files = (
				F49986A51CC0A02800D3CE4C /* CBAppGroupOtherSimpleUITests.m in Sources */,
			);
			runOnlyForDeploymentPostprocessing = 0;
		};
/* End PBXSourcesBuildPhase section */

/* Begin PBXTargetDependency section */
		F49986971CC0A02800D3CE4C /* PBXTargetDependency */ = {
			isa = PBXTargetDependency;
			target = F499867B1CC0A02800D3CE4C /* CBAppGroupOtherSimple */;
			targetProxy = F49986961CC0A02800D3CE4C /* PBXContainerItemProxy */;
		};
		F49986A21CC0A02800D3CE4C /* PBXTargetDependency */ = {
			isa = PBXTargetDependency;
			target = F499867B1CC0A02800D3CE4C /* CBAppGroupOtherSimple */;
			targetProxy = F49986A11CC0A02800D3CE4C /* PBXContainerItemProxy */;
		};
/* End PBXTargetDependency section */

/* Begin PBXVariantGroup section */
		F49986881CC0A02800D3CE4C /* Main.storyboard */ = {
			isa = PBXVariantGroup;
			children = (
				F49986891CC0A02800D3CE4C /* Base */,
			);
			name = Main.storyboard;
			sourceTree = "<group>";
		};
		F499868D1CC0A02800D3CE4C /* LaunchScreen.storyboard */ = {
			isa = PBXVariantGroup;
			children = (
				F499868E1CC0A02800D3CE4C /* Base */,
			);
			name = LaunchScreen.storyboard;
			sourceTree = "<group>";
		};
/* End PBXVariantGroup section */

/* Begin XCBuildConfiguration section */
		F49986A71CC0A02800D3CE4C /* Debug */ = {
			isa = XCBuildConfiguration;
			buildSettings = {
				ALWAYS_SEARCH_USER_PATHS = NO;
				CLANG_ANALYZER_NONNULL = YES;
				CLANG_CXX_LANGUAGE_STANDARD = "gnu++0x";
				CLANG_CXX_LIBRARY = "libc++";
				CLANG_ENABLE_MODULES = YES;
				CLANG_ENABLE_OBJC_ARC = YES;
				CLANG_WARN_BOOL_CONVERSION = YES;
				CLANG_WARN_CONSTANT_CONVERSION = YES;
				CLANG_WARN_DIRECT_OBJC_ISA_USAGE = YES_ERROR;
				CLANG_WARN_EMPTY_BODY = YES;
				CLANG_WARN_ENUM_CONVERSION = YES;
				CLANG_WARN_INT_CONVERSION = YES;
				CLANG_WARN_OBJC_ROOT_CLASS = YES_ERROR;
				CLANG_WARN_UNREACHABLE_CODE = YES;
				CLANG_WARN__DUPLICATE_METHOD_MATCH = YES;
				"CODE_SIGN_IDENTITY[sdk=iphoneos*]" = "iPhone Developer";
				COPY_PHASE_STRIP = NO;
				DEBUG_INFORMATION_FORMAT = dwarf;
				ENABLE_STRICT_OBJC_MSGSEND = YES;
				ENABLE_TESTABILITY = YES;
				GCC_C_LANGUAGE_STANDARD = gnu99;
				GCC_DYNAMIC_NO_PIC = NO;
				GCC_NO_COMMON_BLOCKS = YES;
				GCC_OPTIMIZATION_LEVEL = 0;
				GCC_PREPROCESSOR_DEFINITIONS = (
					"DEBUG=1",
					"$(inherited)",
				);
				GCC_WARN_64_TO_32_BIT_CONVERSION = YES;
				GCC_WARN_ABOUT_RETURN_TYPE = YES_ERROR;
				GCC_WARN_UNDECLARED_SELECTOR = YES;
				GCC_WARN_UNINITIALIZED_AUTOS = YES_AGGRESSIVE;
				GCC_WARN_UNUSED_FUNCTION = YES;
				GCC_WARN_UNUSED_VARIABLE = YES;
				IPHONEOS_DEPLOYMENT_TARGET = 9.3;
				MTL_ENABLE_DEBUG_INFO = YES;
				ONLY_ACTIVE_ARCH = YES;
				SDKROOT = iphoneos;
				TARGETED_DEVICE_FAMILY = "1,2";
			};
			name = Debug;
		};
		F49986A81CC0A02800D3CE4C /* Release */ = {
			isa = XCBuildConfiguration;
			buildSettings = {
				ALWAYS_SEARCH_USER_PATHS = NO;
				CLANG_ANALYZER_NONNULL = YES;
				CLANG_CXX_LANGUAGE_STANDARD = "gnu++0x";
				CLANG_CXX_LIBRARY = "libc++";
				CLANG_ENABLE_MODULES = YES;
				CLANG_ENABLE_OBJC_ARC = YES;
				CLANG_WARN_BOOL_CONVERSION = YES;
				CLANG_WARN_CONSTANT_CONVERSION = YES;
				CLANG_WARN_DIRECT_OBJC_ISA_USAGE = YES_ERROR;
				CLANG_WARN_EMPTY_BODY = YES;
				CLANG_WARN_ENUM_CONVERSION = YES;
				CLANG_WARN_INT_CONVERSION = YES;
				CLANG_WARN_OBJC_ROOT_CLASS = YES_ERROR;
				CLANG_WARN_UNREACHABLE_CODE = YES;
				CLANG_WARN__DUPLICATE_METHOD_MATCH = YES;
				"CODE_SIGN_IDENTITY[sdk=iphoneos*]" = "iPhone Developer";
				COPY_PHASE_STRIP = NO;
				DEBUG_INFORMATION_FORMAT = "dwarf-with-dsym";
				ENABLE_NS_ASSERTIONS = NO;
				ENABLE_STRICT_OBJC_MSGSEND = YES;
				GCC_C_LANGUAGE_STANDARD = gnu99;
				GCC_NO_COMMON_BLOCKS = YES;
				GCC_WARN_64_TO_32_BIT_CONVERSION = YES;
				GCC_WARN_ABOUT_RETURN_TYPE = YES_ERROR;
				GCC_WARN_UNDECLARED_SELECTOR = YES;
				GCC_WARN_UNINITIALIZED_AUTOS = YES_AGGRESSIVE;
				GCC_WARN_UNUSED_FUNCTION = YES;
				GCC_WARN_UNUSED_VARIABLE = YES;
				IPHONEOS_DEPLOYMENT_TARGET = 9.3;
				MTL_ENABLE_DEBUG_INFO = NO;
				SDKROOT = iphoneos;
				TARGETED_DEVICE_FAMILY = "1,2";
				VALIDATE_PRODUCT = YES;
			};
			name = Release;
		};
		F49986AA1CC0A02800D3CE4C /* Debug */ = {
			isa = XCBuildConfiguration;
			buildSettings = {
				ASSETCATALOG_COMPILER_APPICON_NAME = AppIcon;
				CODE_SIGN_ENTITLEMENTS = CBAppGroupOtherSimple/CBAppGroupOtherSimple.entitlements;
				INFOPLIST_FILE = CBAppGroupOtherSimple/Info.plist;
				LD_RUNPATH_SEARCH_PATHS = "$(inherited) @executable_path/Frameworks";
				PRODUCT_BUNDLE_IDENTIFIER = com.uniqueness.CBAppGroupOtherSimple;
				PRODUCT_NAME = "$(TARGET_NAME)";
			};
			name = Debug;
		};
		F49986AB1CC0A02800D3CE4C /* Release */ = {
			isa = XCBuildConfiguration;
			buildSettings = {
				ASSETCATALOG_COMPILER_APPICON_NAME = AppIcon;
				CODE_SIGN_ENTITLEMENTS = CBAppGroupOtherSimple/CBAppGroupOtherSimple.entitlements;
				INFOPLIST_FILE = CBAppGroupOtherSimple/Info.plist;
				LD_RUNPATH_SEARCH_PATHS = "$(inherited) @executable_path/Frameworks";
				PRODUCT_BUNDLE_IDENTIFIER = com.uniqueness.CBAppGroupOtherSimple;
				PRODUCT_NAME = "$(TARGET_NAME)";
			};
			name = Release;
		};
		F49986AD1CC0A02800D3CE4C /* Debug */ = {
			isa = XCBuildConfiguration;
			buildSettings = {
				BUNDLE_LOADER = "$(TEST_HOST)";
				INFOPLIST_FILE = CBAppGroupOtherSimpleTests/Info.plist;
				LD_RUNPATH_SEARCH_PATHS = "$(inherited) @executable_path/Frameworks @loader_path/Frameworks";
				PRODUCT_BUNDLE_IDENTIFIER = com.uniqueness.CBAppGroupOtherSimpleTests;
				PRODUCT_NAME = "$(TARGET_NAME)";
				TEST_HOST = "$(BUILT_PRODUCTS_DIR)/CBAppGroupOtherSimple.app/CBAppGroupOtherSimple";
			};
			name = Debug;
		};
		F49986AE1CC0A02800D3CE4C /* Release */ = {
			isa = XCBuildConfiguration;
			buildSettings = {
				BUNDLE_LOADER = "$(TEST_HOST)";
				INFOPLIST_FILE = CBAppGroupOtherSimpleTests/Info.plist;
				LD_RUNPATH_SEARCH_PATHS = "$(inherited) @executable_path/Frameworks @loader_path/Frameworks";
				PRODUCT_BUNDLE_IDENTIFIER = com.uniqueness.CBAppGroupOtherSimpleTests;
				PRODUCT_NAME = "$(TARGET_NAME)";
				TEST_HOST = "$(BUILT_PRODUCTS_DIR)/CBAppGroupOtherSimple.app/CBAppGroupOtherSimple";
			};
			name = Release;
		};
		F49986B01CC0A02800D3CE4C /* Debug */ = {
			isa = XCBuildConfiguration;
			buildSettings = {
				INFOPLIST_FILE = CBAppGroupOtherSimpleUITests/Info.plist;
				LD_RUNPATH_SEARCH_PATHS = "$(inherited) @executable_path/Frameworks @loader_path/Frameworks";
				PRODUCT_BUNDLE_IDENTIFIER = com.uniqueness.CBAppGroupOtherSimpleUITests;
				PRODUCT_NAME = "$(TARGET_NAME)";
				TEST_TARGET_NAME = CBAppGroupOtherSimple;
			};
			name = Debug;
		};
		F49986B11CC0A02800D3CE4C /* Release */ = {
			isa = XCBuildConfiguration;
			buildSettings = {
				INFOPLIST_FILE = CBAppGroupOtherSimpleUITests/Info.plist;
				LD_RUNPATH_SEARCH_PATHS = "$(inherited) @executable_path/Frameworks @loader_path/Frameworks";
				PRODUCT_BUNDLE_IDENTIFIER = com.uniqueness.CBAppGroupOtherSimpleUITests;
				PRODUCT_NAME = "$(TARGET_NAME)";
				TEST_TARGET_NAME = CBAppGroupOtherSimple;
			};
			name = Release;
		};
/* End XCBuildConfiguration section */

/* Begin XCConfigurationList section */
		F49986771CC0A02800D3CE4C /* Build configuration list for PBXProject "CBAppGroupOtherSimple" */ = {
			isa = XCConfigurationList;
			buildConfigurations = (
				F49986A71CC0A02800D3CE4C /* Debug */,
				F49986A81CC0A02800D3CE4C /* Release */,
			);
			defaultConfigurationIsVisible = 0;
			defaultConfigurationName = Release;
		};
		F49986A91CC0A02800D3CE4C /* Build configuration list for PBXNativeTarget "CBAppGroupOtherSimple" */ = {
			isa = XCConfigurationList;
			buildConfigurations = (
				F49986AA1CC0A02800D3CE4C /* Debug */,
				F49986AB1CC0A02800D3CE4C /* Release */,
			);
			defaultConfigurationIsVisible = 0;
		};
		F49986AC1CC0A02800D3CE4C /* Build configuration list for PBXNativeTarget "CBAppGroupOtherSimpleTests" */ = {
			isa = XCConfigurationList;
			buildConfigurations = (
				F49986AD1CC0A02800D3CE4C /* Debug */,
				F49986AE1CC0A02800D3CE4C /* Release */,
			);
			defaultConfigurationIsVisible = 0;
		};
		F49986AF1CC0A02800D3CE4C /* Build configuration list for PBXNativeTarget "CBAppGroupOtherSimpleUITests" */ = {
			isa = XCConfigurationList;
			buildConfigurations = (
				F49986B01CC0A02800D3CE4C /* Debug */,
				F49986B11CC0A02800D3CE4C /* Release */,
			);
			defaultConfigurationIsVisible = 0;
		};
/* End XCConfigurationList section */
	};
	rootObject = F49986741CC0A02800D3CE4C /* Project object */;
}
